// !$*UTF8*$!
{
	archiveVersion = 1;
	classes = {
	};
	objectVersion = 46;
	objects = {

/* Begin PBXBuildFile section */
		222B3CB719B059F30001E577 /* AudioContent.swift in Sources */ = {isa = PBXBuildFile; fileRef = 222B3CB619B059F30001E577 /* AudioContent.swift */; };
		222B3CB919B05BA20001E577 /* AudioContentViewController.swift in Sources */ = {isa = PBXBuildFile; fileRef = 222B3CB819B05BA20001E577 /* AudioContentViewController.swift */; };
		222B3CBB19B074670001E577 /* SVGImageCache.swift in Sources */ = {isa = PBXBuildFile; fileRef = 222B3CBA19B074670001E577 /* SVGImageCache.swift */; };
		222D9B8F1993F24100AE21FE /* CMTime.swift in Sources */ = {isa = PBXBuildFile; fileRef = 222D9B8E1993F24100AE21FE /* CMTime.swift */; };
		223B9C2B19ACFD0000421F74 /* Assets in Resources */ = {isa = PBXBuildFile; fileRef = 223B9C2A19ACFD0000421F74 /* Assets */; };
		223B9C2E19ACFE4600421F74 /* Book.swift in Sources */ = {isa = PBXBuildFile; fileRef = 223B9C2D19ACFE4600421F74 /* Book.swift */; };
		223B9C3019ACFE5200421F74 /* Model.swift in Sources */ = {isa = PBXBuildFile; fileRef = 223B9C2F19ACFE5200421F74 /* Model.swift */; };
		223B9C3219ACFE7500421F74 /* Chapter.swift in Sources */ = {isa = PBXBuildFile; fileRef = 223B9C3119ACFE7500421F74 /* Chapter.swift */; };
		223B9C3419AD052C00421F74 /* Page.swift in Sources */ = {isa = PBXBuildFile; fileRef = 223B9C3319AD052C00421F74 /* Page.swift */; };
		223B9C3619AD0AFC00421F74 /* Content.swift in Sources */ = {isa = PBXBuildFile; fileRef = 223B9C3519AD0AFC00421F74 /* Content.swift */; };
		223B9C3819AD19B300421F74 /* ChapterViewController.swift in Sources */ = {isa = PBXBuildFile; fileRef = 223B9C3719AD19B300421F74 /* ChapterViewController.swift */; };
		223B9C3A19AD1A3500421F74 /* PageViewController.swift in Sources */ = {isa = PBXBuildFile; fileRef = 223B9C3919AD1A3500421F74 /* PageViewController.swift */; };
		223B9C3C19AD1A5200421F74 /* ContentViewController.swift in Sources */ = {isa = PBXBuildFile; fileRef = 223B9C3B19AD1A5200421F74 /* ContentViewController.swift */; };
		224CD46B1994B87600C72178 /* Array.swift in Sources */ = {isa = PBXBuildFile; fileRef = 224CD46A1994B87600C72178 /* Array.swift */; };
		225278D319ADB84000557944 /* MediaSynchronizer.swift in Sources */ = {isa = PBXBuildFile; fileRef = 225278D219ADB84000557944 /* MediaSynchronizer.swift */; };
		225278D519ADDABF00557944 /* ImageContent.swift in Sources */ = {isa = PBXBuildFile; fileRef = 225278D419ADDABF00557944 /* ImageContent.swift */; };
		225278D719ADDAD300557944 /* SVGContent.swift in Sources */ = {isa = PBXBuildFile; fileRef = 225278D619ADDAD300557944 /* SVGContent.swift */; };
		225278DA19ADDB0F00557944 /* SVGContentViewController.swift in Sources */ = {isa = PBXBuildFile; fileRef = 225278D919ADDB0F00557944 /* SVGContentViewController.swift */; };
		225278DC19ADDB2500557944 /* ImageContentViewController.swift in Sources */ = {isa = PBXBuildFile; fileRef = 225278DB19ADDB2500557944 /* ImageContentViewController.swift */; };
		2280A81A19AC877100C6CD4C /* MediaController.swift in Sources */ = {isa = PBXBuildFile; fileRef = 2280A81919AC877100C6CD4C /* MediaController.swift */; };
		2280A81F19AC909A00C6CD4C /* AudioTypes.swift in Sources */ = {isa = PBXBuildFile; fileRef = 2280A81E19AC909A00C6CD4C /* AudioTypes.swift */; };
		2280A82319ACC11300C6CD4C /* RootViewController.swift in Sources */ = {isa = PBXBuildFile; fileRef = 2280A82219ACC11300C6CD4C /* RootViewController.swift */; };
		2280A82519ACC1E000C6CD4C /* SerialController.swift in Sources */ = {isa = PBXBuildFile; fileRef = 2280A82419ACC1E000C6CD4C /* SerialController.swift */; };
		2280A82719ACE58E00C6CD4C /* DebugViewController.swift in Sources */ = {isa = PBXBuildFile; fileRef = 2280A82619ACE58E00C6CD4C /* DebugViewController.swift */; };
		2280A82919ACE69B00C6CD4C /* Random.swift in Sources */ = {isa = PBXBuildFile; fileRef = 2280A82819ACE69B00C6CD4C /* Random.swift */; };
		2280A82B19ACEB2900C6CD4C /* NSLayoutConstraint.swift in Sources */ = {isa = PBXBuildFile; fileRef = 2280A82A19ACEB2900C6CD4C /* NSLayoutConstraint.swift */; };
		228C34EC198E200600E9E6B9 /* CGPoint.swift in Sources */ = {isa = PBXBuildFile; fileRef = 228C34EB198E200600E9E6B9 /* CGPoint.swift */; };
		22AA922E19889D1F0091F5E2 /* AppDelegate.swift in Sources */ = {isa = PBXBuildFile; fileRef = 22AA922D19889D1F0091F5E2 /* AppDelegate.swift */; };
		22AA923019889D1F0091F5E2 /* PageNavigationController.swift in Sources */ = {isa = PBXBuildFile; fileRef = 22AA922F19889D1F0091F5E2 /* PageNavigationController.swift */; };
		22AA923519889D1F0091F5E2 /* Images.xcassets in Resources */ = {isa = PBXBuildFile; fileRef = 22AA923419889D1F0091F5E2 /* Images.xcassets */; };
		22B915FE199201A600E740D5 /* NSRange.swift in Sources */ = {isa = PBXBuildFile; fileRef = 22B915FD199201A600E740D5 /* NSRange.swift */; };
		22CF394219ADE1E2002A1F54 /* LayerData.swift in Sources */ = {isa = PBXBuildFile; fileRef = 22CF394119ADE1E2002A1F54 /* LayerData.swift */; };
		22CF394419ADEA55002A1F54 /* LayerDataLoader.swift in Sources */ = {isa = PBXBuildFile; fileRef = 22CF394319ADEA55002A1F54 /* LayerDataLoader.swift */; };
		22E062EA1998E8E80082369F /* IntervalType.swift in Sources */ = {isa = PBXBuildFile; fileRef = 22E062E91998E8E70082369F /* IntervalType.swift */; };
		22F11E4D199E0F94006B4033 /* Notification.swift in Sources */ = {isa = PBXBuildFile; fileRef = 22F11E4C199E0F94006B4033 /* Notification.swift */; };
		22F11E51199E1B56006B4033 /* BlockObserver.swift in Sources */ = {isa = PBXBuildFile; fileRef = 22F11E50199E1B56006B4033 /* BlockObserver.swift */; };
		3018E05F736A44B2A1991C22 /* libPods.a in Frameworks */ = {isa = PBXBuildFile; fileRef = B43C86241A4C4609BE47DA3B /* libPods.a */; };
/* End PBXBuildFile section */

/* Begin PBXFileReference section */
		175D8DC6B38942C8AFFF000A /* Pods.xcconfig */ = {isa = PBXFileReference; includeInIndex = 1; lastKnownFileType = text.xcconfig; name = Pods.xcconfig; path = Pods/Pods.xcconfig; sourceTree = "<group>"; };
		222B3CB619B059F30001E577 /* AudioContent.swift */ = {isa = PBXFileReference; fileEncoding = 4; lastKnownFileType = sourcecode.swift; path = AudioContent.swift; sourceTree = "<group>"; };
		222B3CB819B05BA20001E577 /* AudioContentViewController.swift */ = {isa = PBXFileReference; fileEncoding = 4; lastKnownFileType = sourcecode.swift; path = AudioContentViewController.swift; sourceTree = "<group>"; };
		222B3CBA19B074670001E577 /* SVGImageCache.swift */ = {isa = PBXFileReference; fileEncoding = 4; lastKnownFileType = sourcecode.swift; path = SVGImageCache.swift; sourceTree = "<group>"; };
		222D9B8E1993F24100AE21FE /* CMTime.swift */ = {isa = PBXFileReference; fileEncoding = 4; lastKnownFileType = sourcecode.swift; path = CMTime.swift; sourceTree = "<group>"; };
		223B9C2A19ACFD0000421F74 /* Assets */ = {isa = PBXFileReference; lastKnownFileType = folder; path = Assets; sourceTree = "<group>"; };
		223B9C2D19ACFE4600421F74 /* Book.swift */ = {isa = PBXFileReference; fileEncoding = 4; lastKnownFileType = sourcecode.swift; path = Book.swift; sourceTree = "<group>"; };
		223B9C2F19ACFE5200421F74 /* Model.swift */ = {isa = PBXFileReference; fileEncoding = 4; lastKnownFileType = sourcecode.swift; path = Model.swift; sourceTree = "<group>"; };
		223B9C3119ACFE7500421F74 /* Chapter.swift */ = {isa = PBXFileReference; fileEncoding = 4; lastKnownFileType = sourcecode.swift; path = Chapter.swift; sourceTree = "<group>"; };
		223B9C3319AD052C00421F74 /* Page.swift */ = {isa = PBXFileReference; fileEncoding = 4; lastKnownFileType = sourcecode.swift; path = Page.swift; sourceTree = "<group>"; };
		223B9C3519AD0AFC00421F74 /* Content.swift */ = {isa = PBXFileReference; fileEncoding = 4; lastKnownFileType = sourcecode.swift; path = Content.swift; sourceTree = "<group>"; };
		223B9C3719AD19B300421F74 /* ChapterViewController.swift */ = {isa = PBXFileReference; fileEncoding = 4; lastKnownFileType = sourcecode.swift; path = ChapterViewController.swift; sourceTree = "<group>"; };
		223B9C3919AD1A3500421F74 /* PageViewController.swift */ = {isa = PBXFileReference; fileEncoding = 4; lastKnownFileType = sourcecode.swift; path = PageViewController.swift; sourceTree = "<group>"; };
		223B9C3B19AD1A5200421F74 /* ContentViewController.swift */ = {isa = PBXFileReference; fileEncoding = 4; lastKnownFileType = sourcecode.swift; path = ContentViewController.swift; sourceTree = "<group>"; };
		223B9C3E19AD1CD500421F74 /* LanguageBook-Bridging-Header.h */ = {isa = PBXFileReference; lastKnownFileType = sourcecode.c.h; path = "LanguageBook-Bridging-Header.h"; sourceTree = "<group>"; };
		224CD46A1994B87600C72178 /* Array.swift */ = {isa = PBXFileReference; fileEncoding = 4; lastKnownFileType = sourcecode.swift; path = Array.swift; sourceTree = "<group>"; };
		225278D219ADB84000557944 /* MediaSynchronizer.swift */ = {isa = PBXFileReference; fileEncoding = 4; lastKnownFileType = sourcecode.swift; path = MediaSynchronizer.swift; sourceTree = "<group>"; };
		225278D419ADDABF00557944 /* ImageContent.swift */ = {isa = PBXFileReference; fileEncoding = 4; lastKnownFileType = sourcecode.swift; path = ImageContent.swift; sourceTree = "<group>"; };
		225278D619ADDAD300557944 /* SVGContent.swift */ = {isa = PBXFileReference; fileEncoding = 4; lastKnownFileType = sourcecode.swift; path = SVGContent.swift; sourceTree = "<group>"; };
		225278D919ADDB0F00557944 /* SVGContentViewController.swift */ = {isa = PBXFileReference; fileEncoding = 4; lastKnownFileType = sourcecode.swift; path = SVGContentViewController.swift; sourceTree = "<group>"; };
		225278DB19ADDB2500557944 /* ImageContentViewController.swift */ = {isa = PBXFileReference; fileEncoding = 4; lastKnownFileType = sourcecode.swift; path = ImageContentViewController.swift; sourceTree = "<group>"; };
		2280A81919AC877100C6CD4C /* MediaController.swift */ = {isa = PBXFileReference; fileEncoding = 4; lastKnownFileType = sourcecode.swift; path = MediaController.swift; sourceTree = "<group>"; };
		2280A81E19AC909A00C6CD4C /* AudioTypes.swift */ = {isa = PBXFileReference; fileEncoding = 4; lastKnownFileType = sourcecode.swift; path = AudioTypes.swift; sourceTree = "<group>"; };
		2280A82219ACC11300C6CD4C /* RootViewController.swift */ = {isa = PBXFileReference; fileEncoding = 4; lastKnownFileType = sourcecode.swift; path = RootViewController.swift; sourceTree = "<group>"; };
		2280A82419ACC1E000C6CD4C /* SerialController.swift */ = {isa = PBXFileReference; fileEncoding = 4; lastKnownFileType = sourcecode.swift; path = SerialController.swift; sourceTree = "<group>"; };
		2280A82619ACE58E00C6CD4C /* DebugViewController.swift */ = {isa = PBXFileReference; fileEncoding = 4; lastKnownFileType = sourcecode.swift; path = DebugViewController.swift; sourceTree = "<group>"; };
		2280A82819ACE69B00C6CD4C /* Random.swift */ = {isa = PBXFileReference; fileEncoding = 4; lastKnownFileType = sourcecode.swift; path = Random.swift; sourceTree = "<group>"; };
		2280A82A19ACEB2900C6CD4C /* NSLayoutConstraint.swift */ = {isa = PBXFileReference; fileEncoding = 4; lastKnownFileType = sourcecode.swift; path = NSLayoutConstraint.swift; sourceTree = "<group>"; };
		228C34EB198E200600E9E6B9 /* CGPoint.swift */ = {isa = PBXFileReference; fileEncoding = 4; lastKnownFileType = sourcecode.swift; path = CGPoint.swift; sourceTree = "<group>"; };
		22AA922819889D1F0091F5E2 /* LanguageBook.app */ = {isa = PBXFileReference; explicitFileType = wrapper.application; includeInIndex = 0; path = LanguageBook.app; sourceTree = BUILT_PRODUCTS_DIR; };
		22AA922C19889D1F0091F5E2 /* Info.plist */ = {isa = PBXFileReference; lastKnownFileType = text.plist.xml; path = Info.plist; sourceTree = "<group>"; };
		22AA922D19889D1F0091F5E2 /* AppDelegate.swift */ = {isa = PBXFileReference; lastKnownFileType = sourcecode.swift; path = AppDelegate.swift; sourceTree = "<group>"; };
		22AA922F19889D1F0091F5E2 /* PageNavigationController.swift */ = {isa = PBXFileReference; lastKnownFileType = sourcecode.swift; path = PageNavigationController.swift; sourceTree = "<group>"; };
		22AA923419889D1F0091F5E2 /* Images.xcassets */ = {isa = PBXFileReference; lastKnownFileType = folder.assetcatalog; path = Images.xcassets; sourceTree = "<group>"; };
		22B915FD199201A600E740D5 /* NSRange.swift */ = {isa = PBXFileReference; fileEncoding = 4; lastKnownFileType = sourcecode.swift; path = NSRange.swift; sourceTree = "<group>"; };
		22CF394119ADE1E2002A1F54 /* LayerData.swift */ = {isa = PBXFileReference; fileEncoding = 4; lastKnownFileType = sourcecode.swift; path = LayerData.swift; sourceTree = "<group>"; };
		22CF394319ADEA55002A1F54 /* LayerDataLoader.swift */ = {isa = PBXFileReference; fileEncoding = 4; lastKnownFileType = sourcecode.swift; path = LayerDataLoader.swift; sourceTree = "<group>"; };
		22E062E91998E8E70082369F /* IntervalType.swift */ = {isa = PBXFileReference; fileEncoding = 4; lastKnownFileType = sourcecode.swift; path = IntervalType.swift; sourceTree = "<group>"; };
		22F11E4C199E0F94006B4033 /* Notification.swift */ = {isa = PBXFileReference; fileEncoding = 4; lastKnownFileType = sourcecode.swift; path = Notification.swift; sourceTree = "<group>"; };
		22F11E50199E1B56006B4033 /* BlockObserver.swift */ = {isa = PBXFileReference; fileEncoding = 4; lastKnownFileType = sourcecode.swift; path = BlockObserver.swift; sourceTree = "<group>"; };
		B43C86241A4C4609BE47DA3B /* libPods.a */ = {isa = PBXFileReference; explicitFileType = archive.ar; includeInIndex = 0; path = libPods.a; sourceTree = BUILT_PRODUCTS_DIR; };
/* End PBXFileReference section */

/* Begin PBXFrameworksBuildPhase section */
		22AA922519889D1F0091F5E2 /* Frameworks */ = {
			isa = PBXFrameworksBuildPhase;
			buildActionMask = 2147483647;
			files = (
				3018E05F736A44B2A1991C22 /* libPods.a in Frameworks */,
			);
			runOnlyForDeploymentPostprocessing = 0;
		};
/* End PBXFrameworksBuildPhase section */

/* Begin PBXGroup section */
		223B9C2C19ACFD7E00421F74 /* Models */ = {
			isa = PBXGroup;
			children = (
				222B3CB619B059F30001E577 /* AudioContent.swift */,
				223B9C2D19ACFE4600421F74 /* Book.swift */,
				223B9C3119ACFE7500421F74 /* Chapter.swift */,
				223B9C3519AD0AFC00421F74 /* Content.swift */,
				225278D419ADDABF00557944 /* ImageContent.swift */,
				223B9C2F19ACFE5200421F74 /* Model.swift */,
				223B9C3319AD052C00421F74 /* Page.swift */,
				225278D619ADDAD300557944 /* SVGContent.swift */,
			);
			name = Models;
			sourceTree = "<group>";
		};
		2246438C198E20D70001DEBF /* Extensions */ = {
			isa = PBXGroup;
			children = (
				224CD46A1994B87600C72178 /* Array.swift */,
				22F11E50199E1B56006B4033 /* BlockObserver.swift */,
				228C34EB198E200600E9E6B9 /* CGPoint.swift */,
				222D9B8E1993F24100AE21FE /* CMTime.swift */,
				22E062E91998E8E70082369F /* IntervalType.swift */,
				2280A82A19ACEB2900C6CD4C /* NSLayoutConstraint.swift */,
				22B915FD199201A600E740D5 /* NSRange.swift */,
			);
			name = Extensions;
			sourceTree = "<group>";
		};
		225278D819ADDB0100557944 /* Content */ = {
			isa = PBXGroup;
			children = (
				222B3CB819B05BA20001E577 /* AudioContentViewController.swift */,
				223B9C3B19AD1A5200421F74 /* ContentViewController.swift */,
				225278DB19ADDB2500557944 /* ImageContentViewController.swift */,
				22CF394119ADE1E2002A1F54 /* LayerData.swift */,
				22CF394319ADEA55002A1F54 /* LayerDataLoader.swift */,
				225278D919ADDB0F00557944 /* SVGContentViewController.swift */,
			);
			name = Content;
			sourceTree = "<group>";
		};
		2280A81B19AC8C2300C6CD4C /* ViewControllers */ = {
			isa = PBXGroup;
			children = (
				223B9C3719AD19B300421F74 /* ChapterViewController.swift */,
				2280A82619ACE58E00C6CD4C /* DebugViewController.swift */,
				22AA922F19889D1F0091F5E2 /* PageNavigationController.swift */,
				223B9C3919AD1A3500421F74 /* PageViewController.swift */,
				2280A82219ACC11300C6CD4C /* RootViewController.swift */,
				225278D819ADDB0100557944 /* Content */,
			);
			name = ViewControllers;
			sourceTree = "<group>";
		};
		22AA921F19889D1E0091F5E2 = {
			isa = PBXGroup;
			children = (
				223B9C2A19ACFD0000421F74 /* Assets */,
				175D8DC6B38942C8AFFF000A /* Pods.xcconfig */,
				A608464DCF9A4CFCB1D31B99 /* Frameworks */,
				22AA922A19889D1F0091F5E2 /* LanguageBook */,
				22AA922919889D1F0091F5E2 /* Products */,
			);
			sourceTree = "<group>";
		};
		22AA922919889D1F0091F5E2 /* Products */ = {
			isa = PBXGroup;
			children = (
				22AA922819889D1F0091F5E2 /* LanguageBook.app */,
			);
			name = Products;
			sourceTree = "<group>";
		};
		22AA922A19889D1F0091F5E2 /* LanguageBook */ = {
			isa = PBXGroup;
			children = (
				22AA922D19889D1F0091F5E2 /* AppDelegate.swift */,
				2280A81E19AC909A00C6CD4C /* AudioTypes.swift */,
				2280A81919AC877100C6CD4C /* MediaController.swift */,
				225278D219ADB84000557944 /* MediaSynchronizer.swift */,
				22F11E4C199E0F94006B4033 /* Notification.swift */,
				2280A82819ACE69B00C6CD4C /* Random.swift */,
				2280A82419ACC1E000C6CD4C /* SerialController.swift */,
				222B3CBA19B074670001E577 /* SVGImageCache.swift */,
				22AA923419889D1F0091F5E2 /* Images.xcassets */,
				2246438C198E20D70001DEBF /* Extensions */,
				223B9C2C19ACFD7E00421F74 /* Models */,
				22AA922B19889D1F0091F5E2 /* Supporting Files */,
				2280A81B19AC8C2300C6CD4C /* ViewControllers */,
			);
			path = LanguageBook;
			sourceTree = "<group>";
		};
		22AA922B19889D1F0091F5E2 /* Supporting Files */ = {
			isa = PBXGroup;
			children = (
				223B9C3E19AD1CD500421F74 /* LanguageBook-Bridging-Header.h */,
				22AA922C19889D1F0091F5E2 /* Info.plist */,
			);
			name = "Supporting Files";
			sourceTree = "<group>";
		};
		A608464DCF9A4CFCB1D31B99 /* Frameworks */ = {
			isa = PBXGroup;
			children = (
				B43C86241A4C4609BE47DA3B /* libPods.a */,
			);
			name = Frameworks;
			sourceTree = "<group>";
		};
/* End PBXGroup section */

/* Begin PBXNativeTarget section */
		22AA922719889D1F0091F5E2 /* LanguageBook */ = {
			isa = PBXNativeTarget;
			buildConfigurationList = 22AA924419889D1F0091F5E2 /* Build configuration list for PBXNativeTarget "LanguageBook" */;
			buildPhases = (
				BB6450E15AA9499980079724 /* Check Pods Manifest.lock */,
				22AA922419889D1F0091F5E2 /* Sources */,
				22AA922519889D1F0091F5E2 /* Frameworks */,
				22AA922619889D1F0091F5E2 /* Resources */,
				E4BB90B1A78A4666927CF103 /* Copy Pods Resources */,
			);
			buildRules = (
			);
			dependencies = (
			);
			name = LanguageBook;
			productName = LanguageBook;
			productReference = 22AA922819889D1F0091F5E2 /* LanguageBook.app */;
			productType = "com.apple.product-type.application";
		};
/* End PBXNativeTarget section */

/* Begin PBXProject section */
		22AA922019889D1E0091F5E2 /* Project object */ = {
			isa = PBXProject;
			attributes = {
				LastUpgradeCheck = 0600;
				ORGANIZATIONNAME = "Chakrit Wichian";
				TargetAttributes = {
					22AA922719889D1F0091F5E2 = {
						CreatedOnToolsVersion = 6.0;
						DevelopmentTeam = ES39E58ABA;
					};
				};
			};
			buildConfigurationList = 22AA922319889D1E0091F5E2 /* Build configuration list for PBXProject "LanguageBook" */;
			compatibilityVersion = "Xcode 3.2";
			developmentRegion = English;
			hasScannedForEncodings = 0;
			knownRegions = (
				en,
				Base,
			);
			mainGroup = 22AA921F19889D1E0091F5E2;
			productRefGroup = 22AA922919889D1F0091F5E2 /* Products */;
			projectDirPath = "";
			projectRoot = "";
			targets = (
				22AA922719889D1F0091F5E2 /* LanguageBook */,
			);
		};
/* End PBXProject section */

/* Begin PBXResourcesBuildPhase section */
		22AA922619889D1F0091F5E2 /* Resources */ = {
			isa = PBXResourcesBuildPhase;
			buildActionMask = 2147483647;
			files = (
				22AA923519889D1F0091F5E2 /* Images.xcassets in Resources */,
				223B9C2B19ACFD0000421F74 /* Assets in Resources */,
			);
			runOnlyForDeploymentPostprocessing = 0;
		};
/* End PBXResourcesBuildPhase section */

/* Begin PBXShellScriptBuildPhase section */
		BB6450E15AA9499980079724 /* Check Pods Manifest.lock */ = {
			isa = PBXShellScriptBuildPhase;
			buildActionMask = 2147483647;
			files = (
			);
			inputPaths = (
			);
			name = "Check Pods Manifest.lock";
			outputPaths = (
			);
			runOnlyForDeploymentPostprocessing = 0;
			shellPath = /bin/sh;
			shellScript = "diff \"${PODS_ROOT}/../Podfile.lock\" \"${PODS_ROOT}/Manifest.lock\" > /dev/null\nif [[ $? != 0 ]] ; then\n    cat << EOM\nerror: The sandbox is not in sync with the Podfile.lock. Run 'pod install' or update your CocoaPods installation.\nEOM\n    exit 1\nfi\n";
			showEnvVarsInLog = 0;
		};
		E4BB90B1A78A4666927CF103 /* Copy Pods Resources */ = {
			isa = PBXShellScriptBuildPhase;
			buildActionMask = 2147483647;
			files = (
			);
			inputPaths = (
			);
			name = "Copy Pods Resources";
			outputPaths = (
			);
			runOnlyForDeploymentPostprocessing = 0;
			shellPath = /bin/sh;
			shellScript = "\"${SRCROOT}/Pods/Pods-resources.sh\"\n";
			showEnvVarsInLog = 0;
		};
/* End PBXShellScriptBuildPhase section */

/* Begin PBXSourcesBuildPhase section */
		22AA922419889D1F0091F5E2 /* Sources */ = {
			isa = PBXSourcesBuildPhase;
			buildActionMask = 2147483647;
			files = (
				22B915FE199201A600E740D5 /* NSRange.swift in Sources */,
				223B9C3C19AD1A5200421F74 /* ContentViewController.swift in Sources */,
				225278D719ADDAD300557944 /* SVGContent.swift in Sources */,
				223B9C3619AD0AFC00421F74 /* Content.swift in Sources */,
				222D9B8F1993F24100AE21FE /* CMTime.swift in Sources */,
				2280A82919ACE69B00C6CD4C /* Random.swift in Sources */,
				22F11E51199E1B56006B4033 /* BlockObserver.swift in Sources */,
				223B9C3219ACFE7500421F74 /* Chapter.swift in Sources */,
				223B9C3A19AD1A3500421F74 /* PageViewController.swift in Sources */,
				224CD46B1994B87600C72178 /* Array.swift in Sources */,
				2280A82319ACC11300C6CD4C /* RootViewController.swift in Sources */,
				22AA923019889D1F0091F5E2 /* PageNavigationController.swift in Sources */,
				22CF394419ADEA55002A1F54 /* LayerDataLoader.swift in Sources */,
				2280A82B19ACEB2900C6CD4C /* NSLayoutConstraint.swift in Sources */,
				225278DC19ADDB2500557944 /* ImageContentViewController.swift in Sources */,
				22AA922E19889D1F0091F5E2 /* AppDelegate.swift in Sources */,
				223B9C3019ACFE5200421F74 /* Model.swift in Sources */,
				22E062EA1998E8E80082369F /* IntervalType.swift in Sources */,
				225278DA19ADDB0F00557944 /* SVGContentViewController.swift in Sources */,
				222B3CBB19B074670001E577 /* SVGImageCache.swift in Sources */,
				225278D519ADDABF00557944 /* ImageContent.swift in Sources */,
				22CF394219ADE1E2002A1F54 /* LayerData.swift in Sources */,
				2280A82519ACC1E000C6CD4C /* SerialController.swift in Sources */,
				222B3CB919B05BA20001E577 /* AudioContentViewController.swift in Sources */,
				22F11E4D199E0F94006B4033 /* Notification.swift in Sources */,
				223B9C3419AD052C00421F74 /* Page.swift in Sources */,
				222B3CB719B059F30001E577 /* AudioContent.swift in Sources */,
				228C34EC198E200600E9E6B9 /* CGPoint.swift in Sources */,
				2280A82719ACE58E00C6CD4C /* DebugViewController.swift in Sources */,
				223B9C3819AD19B300421F74 /* ChapterViewController.swift in Sources */,
				2280A81F19AC909A00C6CD4C /* AudioTypes.swift in Sources */,
				2280A81A19AC877100C6CD4C /* MediaController.swift in Sources */,
				225278D319ADB84000557944 /* MediaSynchronizer.swift in Sources */,
				223B9C2E19ACFE4600421F74 /* Book.swift in Sources */,
			);
			runOnlyForDeploymentPostprocessing = 0;
		};
/* End PBXSourcesBuildPhase section */

/* Begin XCBuildConfiguration section */
		22AA924219889D1F0091F5E2 /* Debug */ = {
			isa = XCBuildConfiguration;
			buildSettings = {
				ALWAYS_SEARCH_USER_PATHS = NO;
				CLANG_CXX_LANGUAGE_STANDARD = "gnu++0x";
				CLANG_CXX_LIBRARY = "libc++";
				CLANG_ENABLE_MODULES = YES;
				CLANG_ENABLE_OBJC_ARC = YES;
				CLANG_WARN_BOOL_CONVERSION = YES;
				CLANG_WARN_CONSTANT_CONVERSION = YES;
				CLANG_WARN_DIRECT_OBJC_ISA_USAGE = YES_ERROR;
				CLANG_WARN_EMPTY_BODY = YES;
				CLANG_WARN_ENUM_CONVERSION = YES;
				CLANG_WARN_INT_CONVERSION = YES;
				CLANG_WARN_OBJC_ROOT_CLASS = YES_ERROR;
				CLANG_WARN_UNREACHABLE_CODE = YES;
				CLANG_WARN__DUPLICATE_METHOD_MATCH = YES;
				"CODE_SIGN_IDENTITY[sdk=iphoneos*]" = "iPhone Developer";
				COPY_PHASE_STRIP = NO;
				ENABLE_STRICT_OBJC_MSGSEND = YES;
				GCC_C_LANGUAGE_STANDARD = gnu99;
				GCC_DYNAMIC_NO_PIC = NO;
				GCC_OPTIMIZATION_LEVEL = 0;
				GCC_PREPROCESSOR_DEFINITIONS = (
					"DEBUG=1",
					"$(inherited)",
				);
				GCC_SYMBOLS_PRIVATE_EXTERN = NO;
				GCC_WARN_64_TO_32_BIT_CONVERSION = YES;
				GCC_WARN_ABOUT_RETURN_TYPE = YES_ERROR;
				GCC_WARN_UNDECLARED_SELECTOR = YES;
				GCC_WARN_UNINITIALIZED_AUTOS = YES_AGGRESSIVE;
				GCC_WARN_UNUSED_FUNCTION = YES;
				GCC_WARN_UNUSED_VARIABLE = YES;
				IPHONEOS_DEPLOYMENT_TARGET = 7.1;
				MTL_ENABLE_DEBUG_INFO = YES;
				ONLY_ACTIVE_ARCH = YES;
				SDKROOT = iphoneos;
				SWIFT_OPTIMIZATION_LEVEL = "-Onone";
				TARGETED_DEVICE_FAMILY = 2;
			};
			name = Debug;
		};
		22AA924319889D1F0091F5E2 /* Release */ = {
			isa = XCBuildConfiguration;
			buildSettings = {
				ALWAYS_SEARCH_USER_PATHS = NO;
				CLANG_CXX_LANGUAGE_STANDARD = "gnu++0x";
				CLANG_CXX_LIBRARY = "libc++";
				CLANG_ENABLE_MODULES = YES;
				CLANG_ENABLE_OBJC_ARC = YES;
				CLANG_WARN_BOOL_CONVERSION = YES;
				CLANG_WARN_CONSTANT_CONVERSION = YES;
				CLANG_WARN_DIRECT_OBJC_ISA_USAGE = YES_ERROR;
				CLANG_WARN_EMPTY_BODY = YES;
				CLANG_WARN_ENUM_CONVERSION = YES;
				CLANG_WARN_INT_CONVERSION = YES;
				CLANG_WARN_OBJC_ROOT_CLASS = YES_ERROR;
				CLANG_WARN_UNREACHABLE_CODE = YES;
				CLANG_WARN__DUPLICATE_METHOD_MATCH = YES;
				"CODE_SIGN_IDENTITY[sdk=iphoneos*]" = "iPhone Developer";
				COPY_PHASE_STRIP = YES;
				ENABLE_NS_ASSERTIONS = NO;
				ENABLE_STRICT_OBJC_MSGSEND = YES;
				GCC_C_LANGUAGE_STANDARD = gnu99;
				GCC_WARN_64_TO_32_BIT_CONVERSION = YES;
				GCC_WARN_ABOUT_RETURN_TYPE = YES_ERROR;
				GCC_WARN_UNDECLARED_SELECTOR = YES;
				GCC_WARN_UNINITIALIZED_AUTOS = YES_AGGRESSIVE;
				GCC_WARN_UNUSED_FUNCTION = YES;
				GCC_WARN_UNUSED_VARIABLE = YES;
				IPHONEOS_DEPLOYMENT_TARGET = 7.1;
				MTL_ENABLE_DEBUG_INFO = NO;
				SDKROOT = iphoneos;
				TARGETED_DEVICE_FAMILY = 2;
				VALIDATE_PRODUCT = YES;
			};
			name = Release;
		};
		22AA924519889D1F0091F5E2 /* Debug */ = {
			isa = XCBuildConfiguration;
			baseConfigurationReference = 175D8DC6B38942C8AFFF000A /* Pods.xcconfig */;
			buildSettings = {
				ASSETCATALOG_COMPILER_APPICON_NAME = AppIcon;
				ASSETCATALOG_COMPILER_LAUNCHIMAGE_NAME = LaunchImage;
				CLANG_ENABLE_MODULES = YES;
				CODE_SIGN_IDENTITY = "iPhone Developer";
				INFOPLIST_FILE = LanguageBook/Info.plist;
				LD_RUNPATH_SEARCH_PATHS = "$(inherited) @executable_path/Frameworks";
				PRODUCT_NAME = "$(TARGET_NAME)";
				PROVISIONING_PROFILE = "61d30900-9aa0-4e0a-b1b7-e00d1f05f9f8";
				SWIFT_OBJC_BRIDGING_HEADER = "LanguageBook/LanguageBook-Bridging-Header.h";
				SWIFT_OPTIMIZATION_LEVEL = "-Onone";
				TARGETED_DEVICE_FAMILY = "1,2";
			};
			name = Debug;
		};
		22AA924619889D1F0091F5E2 /* Release */ = {
			isa = XCBuildConfiguration;
			baseConfigurationReference = 175D8DC6B38942C8AFFF000A /* Pods.xcconfig */;
			buildSettings = {
				ASSETCATALOG_COMPILER_APPICON_NAME = AppIcon;
				ASSETCATALOG_COMPILER_LAUNCHIMAGE_NAME = LaunchImage;
				CLANG_ENABLE_MODULES = YES;
				CODE_SIGN_IDENTITY = "iPhone Developer";
				INFOPLIST_FILE = LanguageBook/Info.plist;
				LD_RUNPATH_SEARCH_PATHS = "$(inherited) @executable_path/Frameworks";
				PRODUCT_NAME = "$(TARGET_NAME)";
				PROVISIONING_PROFILE = "61d30900-9aa0-4e0a-b1b7-e00d1f05f9f8";
				SWIFT_OBJC_BRIDGING_HEADER = "LanguageBook/LanguageBook-Bridging-Header.h";
				TARGETED_DEVICE_FAMILY = "1,2";
			};
			name = Release;
		};
/* End XCBuildConfiguration section */

/* Begin XCConfigurationList section */
		22AA922319889D1E0091F5E2 /* Build configuration list for PBXProject "LanguageBook" */ = {
			isa = XCConfigurationList;
			buildConfigurations = (
				22AA924219889D1F0091F5E2 /* Debug */,
				22AA924319889D1F0091F5E2 /* Release */,
			);
			defaultConfigurationIsVisible = 0;
			defaultConfigurationName = Release;
		};
		22AA924419889D1F0091F5E2 /* Build configuration list for PBXNativeTarget "LanguageBook" */ = {
			isa = XCConfigurationList;
			buildConfigurations = (
				22AA924519889D1F0091F5E2 /* Debug */,
				22AA924619889D1F0091F5E2 /* Release */,
			);
			defaultConfigurationIsVisible = 0;
			defaultConfigurationName = Release;
		};
/* End XCConfigurationList section */
	};
	rootObject = 22AA922019889D1E0091F5E2 /* Project object */;
}
